{
  "name": "Token_SC",
  "lockfileVersion": 2,
  "requires": true,
  "packages": {
    "": {
      "dependencies": {
        "libusb": "^0.0.0-pre"
      }
    },
    "node_modules/libusb": {
      "version": "0.0.0-pre",
      "resolved": "https://registry.npmjs.org/libusb/-/libusb-0.0.0-pre.tgz",
      "integrity": "sha512-zbiKd6+pqJ/R/RKyOdR4FPfZpxt6WfHevgsCZz/9waLPJ0Hf5frfmZ7oWWYbPV49Qlfa9oNJGdAmuArgo4K3ug=="
    }
  },
  "dependencies": {
    "libusb": {
      "version": "0.0.0-pre",
      "resolved": "https://registry.npmjs.org/libusb/-/libusb-0.0.0-pre.tgz",
      "integrity": "sha512-zbiKd6+pqJ/R/RKyOdR4FPfZpxt6WfHevgsCZz/9waLPJ0Hf5frfmZ7oWWYbPV49Qlfa9oNJGdAmuArgo4K3ug=="
    }
  }
}
