{
  "name": "Token_SC",
  "lockfileVersion": 2,
  "requires": true,
  "packages": {
    "": {
      "dependencies": {
        "@openzeppelin/contracts-upgradeable": "^5.1.0",
        "libusb": "^0.0.0-pre"
      }
    },
    "node_modules/@openzeppelin/contracts": {
      "version": "5.1.0",
      "resolved": "https://registry.npmjs.org/@openzeppelin/contracts/-/contracts-5.1.0.tgz",
      "integrity": "sha512-p1ULhl7BXzjjbha5aqst+QMLY+4/LCWADXOCsmLHRM77AqiPjnd9vvUN9sosUfhL9JGKpZ0TjEGxgvnizmWGSA==",
      "peer": true
    },
    "node_modules/@openzeppelin/contracts-upgradeable": {
      "version": "5.1.0",
      "resolved": "https://registry.npmjs.org/@openzeppelin/contracts-upgradeable/-/contracts-upgradeable-5.1.0.tgz",
      "integrity": "sha512-AIElwP5Ck+cslNE+Hkemf5SxjJoF4wBvvjxc27Rp+9jaPs/CLIaUBMYe1FNzhdiN0cYuwGRmYaRHmmntuiju4Q==",
      "peerDependencies": {
        "@openzeppelin/contracts": "5.1.0"
      }
    },
    "node_modules/libusb": {
      "version": "0.0.0-pre",
      "resolved": "https://registry.npmjs.org/libusb/-/libusb-0.0.0-pre.tgz",
      "integrity": "sha512-zbiKd6+pqJ/R/RKyOdR4FPfZpxt6WfHevgsCZz/9waLPJ0Hf5frfmZ7oWWYbPV49Qlfa9oNJGdAmuArgo4K3ug=="
    }
  },
  "dependencies": {
    "@openzeppelin/contracts": {
      "version": "5.1.0",
      "resolved": "https://registry.npmjs.org/@openzeppelin/contracts/-/contracts-5.1.0.tgz",
      "integrity": "sha512-p1ULhl7BXzjjbha5aqst+QMLY+4/LCWADXOCsmLHRM77AqiPjnd9vvUN9sosUfhL9JGKpZ0TjEGxgvnizmWGSA==",
      "peer": true
    },
    "@openzeppelin/contracts-upgradeable": {
      "version": "5.1.0",
      "resolved": "https://registry.npmjs.org/@openzeppelin/contracts-upgradeable/-/contracts-upgradeable-5.1.0.tgz",
      "integrity": "sha512-AIElwP5Ck+cslNE+Hkemf5SxjJoF4wBvvjxc27Rp+9jaPs/CLIaUBMYe1FNzhdiN0cYuwGRmYaRHmmntuiju4Q==",
      "requires": {}
    },
    "libusb": {
      "version": "0.0.0-pre",
      "resolved": "https://registry.npmjs.org/libusb/-/libusb-0.0.0-pre.tgz",
      "integrity": "sha512-zbiKd6+pqJ/R/RKyOdR4FPfZpxt6WfHevgsCZz/9waLPJ0Hf5frfmZ7oWWYbPV49Qlfa9oNJGdAmuArgo4K3ug=="
    }
  }
}
